
Microsoft Visual Studio Solution File, Format Version 12.00
# Visual Studio Version 17
VisualStudioVersion = 17.14.36623.8
MinimumVisualStudioVersion = 10.0.40219.1
Project("{FAE04EC0-301F-11D3-BF4B-00C04F79EFBC}") = "BharatiRadio", "BharatiRadio\BharatiRadio.csproj", "{88400E0B-7DAD-43E4-85B4-CCAB45E5F354}"
EndProject
Project("{FAE04EC0-301F-11D3-BF4B-00C04F79EFBC}") = "MVCApp.Db", "MVCApp.Db\MVCApp.Db.csproj", "{35F6BD04-A2FE-4CBD-B6B1-F9BDEE0AADAB}"
EndProject
Global
	GlobalSection(SolutionConfigurationPlatforms) = preSolution
		Debug|Any CPU = Debug|Any CPU
		Release|Any CPU = Release|Any CPU
	EndGlobalSection
	GlobalSection(ProjectConfigurationPlatforms) = postSolution
		{88400E0B-7DAD-43E4-85B4-CCAB45E5F354}.Debug|Any CPU.ActiveCfg = Debug|Any CPU
		{88400E0B-7DAD-43E4-85B4-CCAB45E5F354}.Debug|Any CPU.Build.0 = Debug|Any CPU
		{88400E0B-7DAD-43E4-85B4-CCAB45E5F354}.Release|Any CPU.ActiveCfg = Release|Any CPU
		{88400E0B-7DAD-43E4-85B4-CCAB45E5F354}.Release|Any CPU.Build.0 = Release|Any CPU
		{35F6BD04-A2FE-4CBD-B6B1-F9BDEE0AADAB}.Debug|Any CPU.ActiveCfg = Debug|Any CPU
		{35F6BD04-A2FE-4CBD-B6B1-F9BDEE0AADAB}.Debug|Any CPU.Build.0 = Debug|Any CPU
		{35F6BD04-A2FE-4CBD-B6B1-F9BDEE0AADAB}.Release|Any CPU.ActiveCfg = Release|Any CPU
		{35F6BD04-A2FE-4CBD-B6B1-F9BDEE0AADAB}.Release|Any CPU.Build.0 = Release|Any CPU
	EndGlobalSection
	GlobalSection(SolutionProperties) = preSolution
		HideSolutionNode = FALSE
	EndGlobalSection
	GlobalSection(ExtensibilityGlobals) = postSolution
		SolutionGuid = {E34C96E9-BA68-4495-A888-6BABA70E97F5}
	EndGlobalSection
EndGlobal
